
Microsoft Visual Studio Solution File, Format Version 12.00
# Visual Studio 14
VisualStudioVersion = 14.0.25420.1
MinimumVisualStudioVersion = 10.0.40219.1
Project("{FAE04EC0-301F-11D3-BF4B-00C04F79EFBC}") = "WebDriverFramework", "WebDriverFramework\WebDriverFramework.csproj", "{63E40FEC-99E6-4235-A511-380558E4F1C0}"
EndProject
Project("{FAE04EC0-301F-11D3-BF4B-00C04F79EFBC}") = "WebDriverFrameworkUnitTests", "WebDriverFrameworkUnitTests\WebDriverFrameworkUnitTests.csproj", "{4D5DB77A-309C-493D-BD10-C930FDE07242}"
EndProject
Global
	GlobalSection(SolutionConfigurationPlatforms) = preSolution
		Debug|Any CPU = Debug|Any CPU
		Release|Any CPU = Release|Any CPU
	EndGlobalSection
	GlobalSection(ProjectConfigurationPlatforms) = postSolution
		{63E40FEC-99E6-4235-A511-380558E4F1C0}.Debug|Any CPU.ActiveCfg = Debug|Any CPU
		{63E40FEC-99E6-4235-A511-380558E4F1C0}.Debug|Any CPU.Build.0 = Debug|Any CPU
		{63E40FEC-99E6-4235-A511-380558E4F1C0}.Release|Any CPU.ActiveCfg = Release|Any CPU
		{63E40FEC-99E6-4235-A511-380558E4F1C0}.Release|Any CPU.Build.0 = Release|Any CPU
		{4D5DB77A-309C-493D-BD10-C930FDE07242}.Debug|Any CPU.ActiveCfg = Debug|Any CPU
		{4D5DB77A-309C-493D-BD10-C930FDE07242}.Debug|Any CPU.Build.0 = Debug|Any CPU
		{4D5DB77A-309C-493D-BD10-C930FDE07242}.Release|Any CPU.ActiveCfg = Release|Any CPU
		{4D5DB77A-309C-493D-BD10-C930FDE07242}.Release|Any CPU.Build.0 = Release|Any CPU
	EndGlobalSection
	GlobalSection(SolutionProperties) = preSolution
		HideSolutionNode = FALSE
	EndGlobalSection
EndGlobal
